
Microsoft Visual Studio Solution File, Format Version 12.00
# Visual Studio Version 17
VisualStudioVersion = 17.14.36401.2
MinimumVisualStudioVersion = 10.0.40219.1
Project("{2150E333-8FDC-42A3-9474-1A3956D46DE8}") = "app", "app", "{02EA681E-C7D8-13C7-8484-4AC65E1B71E8}"
EndProject
Project("{FAE04EC0-301F-11D3-BF4B-00C04F79EFBC}") = "SBMS.API", "app\SBMS.API\SBMS.API.csproj", "{98DDCC7B-2C75-61ED-BAB9-A68FADB09CBE}"
EndProject
Project("{2150E333-8FDC-42A3-9474-1A3956D46DE8}") = "src", "src", "{78818067-37B2-47CA-AC43-7C3DD010C78D}"
EndProject
Project("{2150E333-8FDC-42A3-9474-1A3956D46DE8}") = "core", "core", "{6CAEEF0C-3F44-47D8-BC96-B50ED6FF0E7F}"
EndProject
Project("{2150E333-8FDC-42A3-9474-1A3956D46DE8}") = "infrastructure", "infrastructure", "{AB79DDBA-6B56-4E56-BB52-67EEE872979E}"
EndProject
Project("{2150E333-8FDC-42A3-9474-1A3956D46DE8}") = "test", "test", "{28E5277F-BB2C-4ACB-A8AB-AE48D3EAA822}"
EndProject
Project("{FAE04EC0-301F-11D3-BF4B-00C04F79EFBC}") = "SBMS.Base", "scr\core\SBMS.Base\SBMS.Base.csproj", "{8125DA35-9547-408E-A136-4CCEBD6EA6F4}"
EndProject
Project("{FAE04EC0-301F-11D3-BF4B-00C04F79EFBC}") = "SBMS.Domain", "scr\core\SBMS.Domain\SBMS.Domain.csproj", "{D1931716-8A04-4448-B34B-5CE5D7991C31}"
EndProject
Project("{FAE04EC0-301F-11D3-BF4B-00C04F79EFBC}") = "SBMS.Application", "scr\core\SBMS.Application\SBMS.Application.csproj", "{67BAD05B-45A5-A277-61BD-0BCC7D8DBC51}"
EndProject
Project("{2150E333-8FDC-42A3-9474-1A3956D46DE8}") = "persistence", "persistence", "{0BB6C521-8EF3-4F26-BA35-E4E704DC3D54}"
EndProject
Project("{FAE04EC0-301F-11D3-BF4B-00C04F79EFBC}") = "SBMS.Persistence.MySQL", "scr\infrastructure\SBMS.Persistence.MySQL\SBMS.Persistence.MySQL.csproj", "{F4188D78-F97D-1D8D-CE1A-C2F47C9E36C4}"
EndProject
Global
	GlobalSection(SolutionConfigurationPlatforms) = preSolution
		Debug|Any CPU = Debug|Any CPU
		Release|Any CPU = Release|Any CPU
	EndGlobalSection
	GlobalSection(ProjectConfigurationPlatforms) = postSolution
		{98DDCC7B-2C75-61ED-BAB9-A68FADB09CBE}.Debug|Any CPU.ActiveCfg = Debug|Any CPU
		{98DDCC7B-2C75-61ED-BAB9-A68FADB09CBE}.Debug|Any CPU.Build.0 = Debug|Any CPU
		{98DDCC7B-2C75-61ED-BAB9-A68FADB09CBE}.Release|Any CPU.ActiveCfg = Release|Any CPU
		{98DDCC7B-2C75-61ED-BAB9-A68FADB09CBE}.Release|Any CPU.Build.0 = Release|Any CPU
		{8125DA35-9547-408E-A136-4CCEBD6EA6F4}.Debug|Any CPU.ActiveCfg = Debug|Any CPU
		{8125DA35-9547-408E-A136-4CCEBD6EA6F4}.Debug|Any CPU.Build.0 = Debug|Any CPU
		{8125DA35-9547-408E-A136-4CCEBD6EA6F4}.Release|Any CPU.ActiveCfg = Release|Any CPU
		{8125DA35-9547-408E-A136-4CCEBD6EA6F4}.Release|Any CPU.Build.0 = Release|Any CPU
		{D1931716-8A04-4448-B34B-5CE5D7991C31}.Debug|Any CPU.ActiveCfg = Debug|Any CPU
		{D1931716-8A04-4448-B34B-5CE5D7991C31}.Debug|Any CPU.Build.0 = Debug|Any CPU
		{D1931716-8A04-4448-B34B-5CE5D7991C31}.Release|Any CPU.ActiveCfg = Release|Any CPU
		{D1931716-8A04-4448-B34B-5CE5D7991C31}.Release|Any CPU.Build.0 = Release|Any CPU
		{67BAD05B-45A5-A277-61BD-0BCC7D8DBC51}.Debug|Any CPU.ActiveCfg = Debug|Any CPU
		{67BAD05B-45A5-A277-61BD-0BCC7D8DBC51}.Debug|Any CPU.Build.0 = Debug|Any CPU
		{67BAD05B-45A5-A277-61BD-0BCC7D8DBC51}.Release|Any CPU.ActiveCfg = Release|Any CPU
		{67BAD05B-45A5-A277-61BD-0BCC7D8DBC51}.Release|Any CPU.Build.0 = Release|Any CPU
		{F4188D78-F97D-1D8D-CE1A-C2F47C9E36C4}.Debug|Any CPU.ActiveCfg = Debug|Any CPU
		{F4188D78-F97D-1D8D-CE1A-C2F47C9E36C4}.Debug|Any CPU.Build.0 = Debug|Any CPU
		{F4188D78-F97D-1D8D-CE1A-C2F47C9E36C4}.Release|Any CPU.ActiveCfg = Release|Any CPU
		{F4188D78-F97D-1D8D-CE1A-C2F47C9E36C4}.Release|Any CPU.Build.0 = Release|Any CPU
	EndGlobalSection
	GlobalSection(SolutionProperties) = preSolution
		HideSolutionNode = FALSE
	EndGlobalSection
	GlobalSection(NestedProjects) = preSolution
		{98DDCC7B-2C75-61ED-BAB9-A68FADB09CBE} = {02EA681E-C7D8-13C7-8484-4AC65E1B71E8}
		{6CAEEF0C-3F44-47D8-BC96-B50ED6FF0E7F} = {78818067-37B2-47CA-AC43-7C3DD010C78D}
		{AB79DDBA-6B56-4E56-BB52-67EEE872979E} = {78818067-37B2-47CA-AC43-7C3DD010C78D}
		{8125DA35-9547-408E-A136-4CCEBD6EA6F4} = {6CAEEF0C-3F44-47D8-BC96-B50ED6FF0E7F}
		{D1931716-8A04-4448-B34B-5CE5D7991C31} = {6CAEEF0C-3F44-47D8-BC96-B50ED6FF0E7F}
		{67BAD05B-45A5-A277-61BD-0BCC7D8DBC51} = {6CAEEF0C-3F44-47D8-BC96-B50ED6FF0E7F}
		{0BB6C521-8EF3-4F26-BA35-E4E704DC3D54} = {AB79DDBA-6B56-4E56-BB52-67EEE872979E}
		{F4188D78-F97D-1D8D-CE1A-C2F47C9E36C4} = {0BB6C521-8EF3-4F26-BA35-E4E704DC3D54}
	EndGlobalSection
	GlobalSection(ExtensibilityGlobals) = postSolution
		SolutionGuid = {EBC9B60D-361F-4429-9044-301F3AD616D6}
	EndGlobalSection
EndGlobal
