
Microsoft Visual Studio Solution File, Format Version 12.00
# Visual Studio Version 17
VisualStudioVersion = 17.14.36401.2
MinimumVisualStudioVersion = 10.0.40219.1
Project("{2150E333-8FDC-42A3-9474-1A3956D46DE8}") = "app", "app", "{02EA681E-C7D8-13C7-8484-4AC65E1B71E8}"
EndProject
Project("{FAE04EC0-301F-11D3-BF4B-00C04F79EFBC}") = "SBMS.API", "app\SBMS.API\SBMS.API.csproj", "{98DDCC7B-2C75-61ED-BAB9-A68FADB09CBE}"
EndProject
Project("{2150E333-8FDC-42A3-9474-1A3956D46DE8}") = "src", "src", "{78818067-37B2-47CA-AC43-7C3DD010C78D}"
EndProject
Project("{2150E333-8FDC-42A3-9474-1A3956D46DE8}") = "core", "core", "{6CAEEF0C-3F44-47D8-BC96-B50ED6FF0E7F}"
EndProject
Project("{2150E333-8FDC-42A3-9474-1A3956D46DE8}") = "infrastructure", "infrastructure", "{AB79DDBA-6B56-4E56-BB52-67EEE872979E}"
EndProject
Project("{2150E333-8FDC-42A3-9474-1A3956D46DE8}") = "persistence", "persistence", "{0BB6C521-8EF3-4F26-BA35-E4E704DC3D54}"
EndProject
Project("{FAE04EC0-301F-11D3-BF4B-00C04F79EFBC}") = "SBMS.Application", "src\core\SBMS.Application\SBMS.Application.csproj", "{95A855E9-6A90-EE30-B2E8-14C5C964C086}"
EndProject
Project("{FAE04EC0-301F-11D3-BF4B-00C04F79EFBC}") = "SBMS.Base", "src\core\SBMS.Base\SBMS.Base.csproj", "{E66ABE04-5BD2-833A-A544-0F285A4148E9}"
EndProject
Project("{FAE04EC0-301F-11D3-BF4B-00C04F79EFBC}") = "SBMS.Domain", "src\core\SBMS.Domain\SBMS.Domain.csproj", "{69D01C1C-8E08-94F4-61FC-A63F96FB9F6A}"
EndProject
Project("{FAE04EC0-301F-11D3-BF4B-00C04F79EFBC}") = "SBMS.Persistence.MySQL", "src\infrastructure\persistence\SBMS.Persistence.MySQL\SBMS.Persistence.MySQL.csproj", "{3397ACEA-62EC-9E4A-E164-69CDA33B861E}"
EndProject
Global
	GlobalSection(SolutionConfigurationPlatforms) = preSolution
		Debug|Any CPU = Debug|Any CPU
		Release|Any CPU = Release|Any CPU
	EndGlobalSection
	GlobalSection(ProjectConfigurationPlatforms) = postSolution
		{98DDCC7B-2C75-61ED-BAB9-A68FADB09CBE}.Debug|Any CPU.ActiveCfg = Debug|Any CPU
		{98DDCC7B-2C75-61ED-BAB9-A68FADB09CBE}.Debug|Any CPU.Build.0 = Debug|Any CPU
		{98DDCC7B-2C75-61ED-BAB9-A68FADB09CBE}.Release|Any CPU.ActiveCfg = Release|Any CPU
		{98DDCC7B-2C75-61ED-BAB9-A68FADB09CBE}.Release|Any CPU.Build.0 = Release|Any CPU
		{95A855E9-6A90-EE30-B2E8-14C5C964C086}.Debug|Any CPU.ActiveCfg = Debug|Any CPU
		{95A855E9-6A90-EE30-B2E8-14C5C964C086}.Debug|Any CPU.Build.0 = Debug|Any CPU
		{95A855E9-6A90-EE30-B2E8-14C5C964C086}.Release|Any CPU.ActiveCfg = Release|Any CPU
		{95A855E9-6A90-EE30-B2E8-14C5C964C086}.Release|Any CPU.Build.0 = Release|Any CPU
		{E66ABE04-5BD2-833A-A544-0F285A4148E9}.Debug|Any CPU.ActiveCfg = Debug|Any CPU
		{E66ABE04-5BD2-833A-A544-0F285A4148E9}.Debug|Any CPU.Build.0 = Debug|Any CPU
		{E66ABE04-5BD2-833A-A544-0F285A4148E9}.Release|Any CPU.ActiveCfg = Release|Any CPU
		{E66ABE04-5BD2-833A-A544-0F285A4148E9}.Release|Any CPU.Build.0 = Release|Any CPU
		{69D01C1C-8E08-94F4-61FC-A63F96FB9F6A}.Debug|Any CPU.ActiveCfg = Debug|Any CPU
		{69D01C1C-8E08-94F4-61FC-A63F96FB9F6A}.Debug|Any CPU.Build.0 = Debug|Any CPU
		{69D01C1C-8E08-94F4-61FC-A63F96FB9F6A}.Release|Any CPU.ActiveCfg = Release|Any CPU
		{69D01C1C-8E08-94F4-61FC-A63F96FB9F6A}.Release|Any CPU.Build.0 = Release|Any CPU
		{3397ACEA-62EC-9E4A-E164-69CDA33B861E}.Debug|Any CPU.ActiveCfg = Debug|Any CPU
		{3397ACEA-62EC-9E4A-E164-69CDA33B861E}.Debug|Any CPU.Build.0 = Debug|Any CPU
		{3397ACEA-62EC-9E4A-E164-69CDA33B861E}.Release|Any CPU.ActiveCfg = Release|Any CPU
		{3397ACEA-62EC-9E4A-E164-69CDA33B861E}.Release|Any CPU.Build.0 = Release|Any CPU
	EndGlobalSection
	GlobalSection(SolutionProperties) = preSolution
		HideSolutionNode = FALSE
	EndGlobalSection
	GlobalSection(NestedProjects) = preSolution
		{98DDCC7B-2C75-61ED-BAB9-A68FADB09CBE} = {02EA681E-C7D8-13C7-8484-4AC65E1B71E8}
		{6CAEEF0C-3F44-47D8-BC96-B50ED6FF0E7F} = {78818067-37B2-47CA-AC43-7C3DD010C78D}
		{AB79DDBA-6B56-4E56-BB52-67EEE872979E} = {78818067-37B2-47CA-AC43-7C3DD010C78D}
		{0BB6C521-8EF3-4F26-BA35-E4E704DC3D54} = {AB79DDBA-6B56-4E56-BB52-67EEE872979E}
		{95A855E9-6A90-EE30-B2E8-14C5C964C086} = {6CAEEF0C-3F44-47D8-BC96-B50ED6FF0E7F}
		{E66ABE04-5BD2-833A-A544-0F285A4148E9} = {6CAEEF0C-3F44-47D8-BC96-B50ED6FF0E7F}
		{69D01C1C-8E08-94F4-61FC-A63F96FB9F6A} = {6CAEEF0C-3F44-47D8-BC96-B50ED6FF0E7F}
		{3397ACEA-62EC-9E4A-E164-69CDA33B861E} = {0BB6C521-8EF3-4F26-BA35-E4E704DC3D54}
	EndGlobalSection
	GlobalSection(ExtensibilityGlobals) = postSolution
		SolutionGuid = {EBC9B60D-361F-4429-9044-301F3AD616D6}
	EndGlobalSection
EndGlobal
